
Microsoft Visual Studio Solution File, Format Version 12.00
# Visual Studio Version 16
VisualStudioVersion = 16.0.30523.141
MinimumVisualStudioVersion = 15.0.26124.0
Project("{9A19103F-16F7-4668-BE54-9A1E7A4F7556}") = "Library", "Library\Library.csproj", "{EF90E9B8-36E6-46AE-95A6-853720E0EDE2}"
EndProject
Project("{9A19103F-16F7-4668-BE54-9A1E7A4F7556}") = "Library.Tests", "Library.Tests\Library.Tests.csproj", "{CE1669A5-68E3-497F-820C-25E64A9B07B8}"
EndProject
Project("{9A19103F-16F7-4668-BE54-9A1E7A4F7556}") = "Shoutr.Console", "Shoutr.Console\Shoutr.Console.csproj", "{90DA96FB-9A83-4982-9AB9-F110478489DB}"
EndProject
Project("{FAE04EC0-301F-11D3-BF4B-00C04F79EFBC}") = "Shoutr", "Shoutr\Shoutr.csproj", "{7E93DAEE-96EC-42D0-9DD1-D72A4DE0072A}"
EndProject
Project("{FAE04EC0-301F-11D3-BF4B-00C04F79EFBC}") = "Shoutr.Contracts", "Shoutr.Contracts\Shoutr.Contracts.csproj", "{F5E4C2DC-CC45-4E59-B969-EAF179D054BE}"
EndProject
Project("{FAE04EC0-301F-11D3-BF4B-00C04F79EFBC}") = "Shoutr.Tests", "Shoutr.Tests\Shoutr.Tests.csproj", "{AC7396A2-1F04-4091-A623-10512034E62C}"
EndProject
Project("{FAE04EC0-301F-11D3-BF4B-00C04F79EFBC}") = "Shoutr.Integration", "Shoutr.Integration\Shoutr.Integration.csproj", "{B6908396-CE83-412A-88D4-74A96F079252}"
EndProject
Global
	GlobalSection(SolutionConfigurationPlatforms) = preSolution
		Debug|Any CPU = Debug|Any CPU
		Debug|x64 = Debug|x64
		Debug|x86 = Debug|x86
		Release|Any CPU = Release|Any CPU
		Release|x64 = Release|x64
		Release|x86 = Release|x86
	EndGlobalSection
	GlobalSection(ProjectConfigurationPlatforms) = postSolution
		{EF90E9B8-36E6-46AE-95A6-853720E0EDE2}.Debug|Any CPU.ActiveCfg = Debug|Any CPU
		{EF90E9B8-36E6-46AE-95A6-853720E0EDE2}.Debug|Any CPU.Build.0 = Debug|Any CPU
		{EF90E9B8-36E6-46AE-95A6-853720E0EDE2}.Debug|x64.ActiveCfg = Debug|Any CPU
		{EF90E9B8-36E6-46AE-95A6-853720E0EDE2}.Debug|x64.Build.0 = Debug|Any CPU
		{EF90E9B8-36E6-46AE-95A6-853720E0EDE2}.Debug|x86.ActiveCfg = Debug|Any CPU
		{EF90E9B8-36E6-46AE-95A6-853720E0EDE2}.Debug|x86.Build.0 = Debug|Any CPU
		{EF90E9B8-36E6-46AE-95A6-853720E0EDE2}.Release|Any CPU.ActiveCfg = Release|Any CPU
		{EF90E9B8-36E6-46AE-95A6-853720E0EDE2}.Release|Any CPU.Build.0 = Release|Any CPU
		{EF90E9B8-36E6-46AE-95A6-853720E0EDE2}.Release|x64.ActiveCfg = Release|Any CPU
		{EF90E9B8-36E6-46AE-95A6-853720E0EDE2}.Release|x64.Build.0 = Release|Any CPU
		{EF90E9B8-36E6-46AE-95A6-853720E0EDE2}.Release|x86.ActiveCfg = Release|Any CPU
		{EF90E9B8-36E6-46AE-95A6-853720E0EDE2}.Release|x86.Build.0 = Release|Any CPU
		{CE1669A5-68E3-497F-820C-25E64A9B07B8}.Debug|Any CPU.ActiveCfg = Debug|Any CPU
		{CE1669A5-68E3-497F-820C-25E64A9B07B8}.Debug|Any CPU.Build.0 = Debug|Any CPU
		{CE1669A5-68E3-497F-820C-25E64A9B07B8}.Debug|x64.ActiveCfg = Debug|Any CPU
		{CE1669A5-68E3-497F-820C-25E64A9B07B8}.Debug|x64.Build.0 = Debug|Any CPU
		{CE1669A5-68E3-497F-820C-25E64A9B07B8}.Debug|x86.ActiveCfg = Debug|Any CPU
		{CE1669A5-68E3-497F-820C-25E64A9B07B8}.Debug|x86.Build.0 = Debug|Any CPU
		{CE1669A5-68E3-497F-820C-25E64A9B07B8}.Release|Any CPU.ActiveCfg = Release|Any CPU
		{CE1669A5-68E3-497F-820C-25E64A9B07B8}.Release|Any CPU.Build.0 = Release|Any CPU
		{CE1669A5-68E3-497F-820C-25E64A9B07B8}.Release|x64.ActiveCfg = Release|Any CPU
		{CE1669A5-68E3-497F-820C-25E64A9B07B8}.Release|x64.Build.0 = Release|Any CPU
		{CE1669A5-68E3-497F-820C-25E64A9B07B8}.Release|x86.ActiveCfg = Release|Any CPU
		{CE1669A5-68E3-497F-820C-25E64A9B07B8}.Release|x86.Build.0 = Release|Any CPU
		{90DA96FB-9A83-4982-9AB9-F110478489DB}.Debug|Any CPU.ActiveCfg = Debug|Any CPU
		{90DA96FB-9A83-4982-9AB9-F110478489DB}.Debug|Any CPU.Build.0 = Debug|Any CPU
		{90DA96FB-9A83-4982-9AB9-F110478489DB}.Debug|x64.ActiveCfg = Debug|Any CPU
		{90DA96FB-9A83-4982-9AB9-F110478489DB}.Debug|x64.Build.0 = Debug|Any CPU
		{90DA96FB-9A83-4982-9AB9-F110478489DB}.Debug|x86.ActiveCfg = Debug|Any CPU
		{90DA96FB-9A83-4982-9AB9-F110478489DB}.Debug|x86.Build.0 = Debug|Any CPU
		{90DA96FB-9A83-4982-9AB9-F110478489DB}.Release|Any CPU.ActiveCfg = Release|Any CPU
		{90DA96FB-9A83-4982-9AB9-F110478489DB}.Release|Any CPU.Build.0 = Release|Any CPU
		{90DA96FB-9A83-4982-9AB9-F110478489DB}.Release|x64.ActiveCfg = Release|Any CPU
		{90DA96FB-9A83-4982-9AB9-F110478489DB}.Release|x64.Build.0 = Release|Any CPU
		{90DA96FB-9A83-4982-9AB9-F110478489DB}.Release|x86.ActiveCfg = Release|Any CPU
		{90DA96FB-9A83-4982-9AB9-F110478489DB}.Release|x86.Build.0 = Release|Any CPU
		{7E93DAEE-96EC-42D0-9DD1-D72A4DE0072A}.Debug|Any CPU.ActiveCfg = Debug|Any CPU
		{7E93DAEE-96EC-42D0-9DD1-D72A4DE0072A}.Debug|Any CPU.Build.0 = Debug|Any CPU
		{7E93DAEE-96EC-42D0-9DD1-D72A4DE0072A}.Debug|x64.ActiveCfg = Debug|Any CPU
		{7E93DAEE-96EC-42D0-9DD1-D72A4DE0072A}.Debug|x64.Build.0 = Debug|Any CPU
		{7E93DAEE-96EC-42D0-9DD1-D72A4DE0072A}.Debug|x86.ActiveCfg = Debug|Any CPU
		{7E93DAEE-96EC-42D0-9DD1-D72A4DE0072A}.Debug|x86.Build.0 = Debug|Any CPU
		{7E93DAEE-96EC-42D0-9DD1-D72A4DE0072A}.Release|Any CPU.ActiveCfg = Release|Any CPU
		{7E93DAEE-96EC-42D0-9DD1-D72A4DE0072A}.Release|Any CPU.Build.0 = Release|Any CPU
		{7E93DAEE-96EC-42D0-9DD1-D72A4DE0072A}.Release|x64.ActiveCfg = Release|Any CPU
		{7E93DAEE-96EC-42D0-9DD1-D72A4DE0072A}.Release|x64.Build.0 = Release|Any CPU
		{7E93DAEE-96EC-42D0-9DD1-D72A4DE0072A}.Release|x86.ActiveCfg = Release|Any CPU
		{7E93DAEE-96EC-42D0-9DD1-D72A4DE0072A}.Release|x86.Build.0 = Release|Any CPU
		{F5E4C2DC-CC45-4E59-B969-EAF179D054BE}.Debug|Any CPU.ActiveCfg = Debug|Any CPU
		{F5E4C2DC-CC45-4E59-B969-EAF179D054BE}.Debug|Any CPU.Build.0 = Debug|Any CPU
		{F5E4C2DC-CC45-4E59-B969-EAF179D054BE}.Debug|x64.ActiveCfg = Debug|Any CPU
		{F5E4C2DC-CC45-4E59-B969-EAF179D054BE}.Debug|x64.Build.0 = Debug|Any CPU
		{F5E4C2DC-CC45-4E59-B969-EAF179D054BE}.Debug|x86.ActiveCfg = Debug|Any CPU
		{F5E4C2DC-CC45-4E59-B969-EAF179D054BE}.Debug|x86.Build.0 = Debug|Any CPU
		{F5E4C2DC-CC45-4E59-B969-EAF179D054BE}.Release|Any CPU.ActiveCfg = Release|Any CPU
		{F5E4C2DC-CC45-4E59-B969-EAF179D054BE}.Release|Any CPU.Build.0 = Release|Any CPU
		{F5E4C2DC-CC45-4E59-B969-EAF179D054BE}.Release|x64.ActiveCfg = Release|Any CPU
		{F5E4C2DC-CC45-4E59-B969-EAF179D054BE}.Release|x64.Build.0 = Release|Any CPU
		{F5E4C2DC-CC45-4E59-B969-EAF179D054BE}.Release|x86.ActiveCfg = Release|Any CPU
		{F5E4C2DC-CC45-4E59-B969-EAF179D054BE}.Release|x86.Build.0 = Release|Any CPU
		{AC7396A2-1F04-4091-A623-10512034E62C}.Debug|Any CPU.ActiveCfg = Debug|Any CPU
		{AC7396A2-1F04-4091-A623-10512034E62C}.Debug|Any CPU.Build.0 = Debug|Any CPU
		{AC7396A2-1F04-4091-A623-10512034E62C}.Debug|x64.ActiveCfg = Debug|Any CPU
		{AC7396A2-1F04-4091-A623-10512034E62C}.Debug|x64.Build.0 = Debug|Any CPU
		{AC7396A2-1F04-4091-A623-10512034E62C}.Debug|x86.ActiveCfg = Debug|Any CPU
		{AC7396A2-1F04-4091-A623-10512034E62C}.Debug|x86.Build.0 = Debug|Any CPU
		{AC7396A2-1F04-4091-A623-10512034E62C}.Release|Any CPU.ActiveCfg = Release|Any CPU
		{AC7396A2-1F04-4091-A623-10512034E62C}.Release|Any CPU.Build.0 = Release|Any CPU
		{AC7396A2-1F04-4091-A623-10512034E62C}.Release|x64.ActiveCfg = Release|Any CPU
		{AC7396A2-1F04-4091-A623-10512034E62C}.Release|x64.Build.0 = Release|Any CPU
		{AC7396A2-1F04-4091-A623-10512034E62C}.Release|x86.ActiveCfg = Release|Any CPU
		{AC7396A2-1F04-4091-A623-10512034E62C}.Release|x86.Build.0 = Release|Any CPU
		{B6908396-CE83-412A-88D4-74A96F079252}.Debug|Any CPU.ActiveCfg = Debug|Any CPU
		{B6908396-CE83-412A-88D4-74A96F079252}.Debug|Any CPU.Build.0 = Debug|Any CPU
		{B6908396-CE83-412A-88D4-74A96F079252}.Debug|x64.ActiveCfg = Debug|Any CPU
		{B6908396-CE83-412A-88D4-74A96F079252}.Debug|x64.Build.0 = Debug|Any CPU
		{B6908396-CE83-412A-88D4-74A96F079252}.Debug|x86.ActiveCfg = Debug|Any CPU
		{B6908396-CE83-412A-88D4-74A96F079252}.Debug|x86.Build.0 = Debug|Any CPU
		{B6908396-CE83-412A-88D4-74A96F079252}.Release|Any CPU.ActiveCfg = Release|Any CPU
		{B6908396-CE83-412A-88D4-74A96F079252}.Release|Any CPU.Build.0 = Release|Any CPU
		{B6908396-CE83-412A-88D4-74A96F079252}.Release|x64.ActiveCfg = Release|Any CPU
		{B6908396-CE83-412A-88D4-74A96F079252}.Release|x64.Build.0 = Release|Any CPU
		{B6908396-CE83-412A-88D4-74A96F079252}.Release|x86.ActiveCfg = Release|Any CPU
		{B6908396-CE83-412A-88D4-74A96F079252}.Release|x86.Build.0 = Release|Any CPU
	EndGlobalSection
	GlobalSection(SolutionProperties) = preSolution
		HideSolutionNode = FALSE
	EndGlobalSection
	GlobalSection(ExtensibilityGlobals) = postSolution
		SolutionGuid = {F6639970-53B6-4BBF-BB50-530064E466BA}
	EndGlobalSection
EndGlobal
